// !$*UTF8*$!
{
	archiveVersion = 1;
	classes = {
	};
	objectVersion = 56;
	objects = {

/* Begin PBXBuildFile section */
		A5247DEA2977E46100E4EDD2 /* Article.swift in Sources */ = {isa = PBXBuildFile; fileRef = A5247DE92977E46100E4EDD2 /* Article.swift */; };
		A5247DF029780A2300E4EDD2 /* ApiUrlFactory.swift in Sources */ = {isa = PBXBuildFile; fileRef = A5247DEF29780A2200E4EDD2 /* ApiUrlFactory.swift */; };
		A5247DF229780A4300E4EDD2 /* NewsRequestFactory.swift in Sources */ = {isa = PBXBuildFile; fileRef = A5247DF129780A4300E4EDD2 /* NewsRequestFactory.swift */; };
		A5247DF429780CCB00E4EDD2 /* DefaultComponents.swift in Sources */ = {isa = PBXBuildFile; fileRef = A5247DF329780CCB00E4EDD2 /* DefaultComponents.swift */; };
		A5247DF629780EA000E4EDD2 /* NetworkError.swift in Sources */ = {isa = PBXBuildFile; fileRef = A5247DF529780EA000E4EDD2 /* NetworkError.swift */; };
		A5247DF82978145400E4EDD2 /* NetworkClientProtocol.swift in Sources */ = {isa = PBXBuildFile; fileRef = A5247DF72978145400E4EDD2 /* NetworkClientProtocol.swift */; };
		A5247DFA2978146500E4EDD2 /* DefaultNetworkClient.swift in Sources */ = {isa = PBXBuildFile; fileRef = A5247DF92978146500E4EDD2 /* DefaultNetworkClient.swift */; };
		A5247DFD29782A3000E4EDD2 /* NewsMainPresenterInputProtocol.swift in Sources */ = {isa = PBXBuildFile; fileRef = A5247DFC29782A3000E4EDD2 /* NewsMainPresenterInputProtocol.swift */; };
		A5247DFF29782A4000E4EDD2 /* NewsMainPresenterOutputProtocol.swift in Sources */ = {isa = PBXBuildFile; fileRef = A5247DFE29782A4000E4EDD2 /* NewsMainPresenterOutputProtocol.swift */; };
		A5247E0129782A4B00E4EDD2 /* NewsMainPresenter.swift in Sources */ = {isa = PBXBuildFile; fileRef = A5247E0029782A4B00E4EDD2 /* NewsMainPresenter.swift */; };
		A5247E0429782C8600E4EDD2 /* ViewModelProtocol.swift in Sources */ = {isa = PBXBuildFile; fileRef = A5247E0329782C8600E4EDD2 /* ViewModelProtocol.swift */; };
		A5247E0929793ABC00E4EDD2 /* NewsCollectionViewCellConfigurableProtocol.swift in Sources */ = {isa = PBXBuildFile; fileRef = A5247E0829793ABC00E4EDD2 /* NewsCollectionViewCellConfigurableProtocol.swift */; };
		A5247E0B29793AD600E4EDD2 /* NewsCollectionViewModel.swift in Sources */ = {isa = PBXBuildFile; fileRef = A5247E0A29793AD600E4EDD2 /* NewsCollectionViewModel.swift */; };
		A54157052976B72200DE506C /* NewsCollectionViewCell.swift in Sources */ = {isa = PBXBuildFile; fileRef = A54157042976B72200DE506C /* NewsCollectionViewCell.swift */; };
		A54157072976B73D00DE506C /* NewsCollectionView.swift in Sources */ = {isa = PBXBuildFile; fileRef = A54157062976B73D00DE506C /* NewsCollectionView.swift */; };
		A54157092976BF5500DE506C /* HeaderCollectionReusableView.swift in Sources */ = {isa = PBXBuildFile; fileRef = A54157082976BF5500DE506C /* HeaderCollectionReusableView.swift */; };
		A5CD3FA72976B419007D6A45 /* AppDelegate.swift in Sources */ = {isa = PBXBuildFile; fileRef = A5CD3FA62976B419007D6A45 /* AppDelegate.swift */; };
		A5CD3FAB2976B419007D6A45 /* NewsMainViewController.swift in Sources */ = {isa = PBXBuildFile; fileRef = A5CD3FAA2976B419007D6A45 /* NewsMainViewController.swift */; };
		A5CD3FB02976B41B007D6A45 /* Assets.xcassets in Resources */ = {isa = PBXBuildFile; fileRef = A5CD3FAF2976B41B007D6A45 /* Assets.xcassets */; };
		A5CD3FB32976B41B007D6A45 /* LaunchScreen.storyboard in Resources */ = {isa = PBXBuildFile; fileRef = A5CD3FB12976B41B007D6A45 /* LaunchScreen.storyboard */; };
/* End PBXBuildFile section */

/* Begin PBXFileReference section */
		A5247DE92977E46100E4EDD2 /* Article.swift */ = {isa = PBXFileReference; lastKnownFileType = sourcecode.swift; path = Article.swift; sourceTree = "<group>"; };
		A5247DEF29780A2200E4EDD2 /* ApiUrlFactory.swift */ = {isa = PBXFileReference; lastKnownFileType = sourcecode.swift; path = ApiUrlFactory.swift; sourceTree = "<group>"; };
		A5247DF129780A4300E4EDD2 /* NewsRequestFactory.swift */ = {isa = PBXFileReference; lastKnownFileType = sourcecode.swift; path = NewsRequestFactory.swift; sourceTree = "<group>"; };
		A5247DF329780CCB00E4EDD2 /* DefaultComponents.swift */ = {isa = PBXFileReference; lastKnownFileType = sourcecode.swift; path = DefaultComponents.swift; sourceTree = "<group>"; };
		A5247DF529780EA000E4EDD2 /* NetworkError.swift */ = {isa = PBXFileReference; lastKnownFileType = sourcecode.swift; path = NetworkError.swift; sourceTree = "<group>"; };
		A5247DF72978145400E4EDD2 /* NetworkClientProtocol.swift */ = {isa = PBXFileReference; lastKnownFileType = sourcecode.swift; path = NetworkClientProtocol.swift; sourceTree = "<group>"; };
		A5247DF92978146500E4EDD2 /* DefaultNetworkClient.swift */ = {isa = PBXFileReference; lastKnownFileType = sourcecode.swift; path = DefaultNetworkClient.swift; sourceTree = "<group>"; };
		A5247DFC29782A3000E4EDD2 /* NewsMainPresenterInputProtocol.swift */ = {isa = PBXFileReference; lastKnownFileType = sourcecode.swift; path = NewsMainPresenterInputProtocol.swift; sourceTree = "<group>"; };
		A5247DFE29782A4000E4EDD2 /* NewsMainPresenterOutputProtocol.swift */ = {isa = PBXFileReference; lastKnownFileType = sourcecode.swift; path = NewsMainPresenterOutputProtocol.swift; sourceTree = "<group>"; };
		A5247E0029782A4B00E4EDD2 /* NewsMainPresenter.swift */ = {isa = PBXFileReference; lastKnownFileType = sourcecode.swift; path = NewsMainPresenter.swift; sourceTree = "<group>"; };
		A5247E0329782C8600E4EDD2 /* ViewModelProtocol.swift */ = {isa = PBXFileReference; lastKnownFileType = sourcecode.swift; path = ViewModelProtocol.swift; sourceTree = "<group>"; };
		A5247E0829793ABC00E4EDD2 /* NewsCollectionViewCellConfigurableProtocol.swift */ = {isa = PBXFileReference; lastKnownFileType = sourcecode.swift; path = NewsCollectionViewCellConfigurableProtocol.swift; sourceTree = "<group>"; };
		A5247E0A29793AD600E4EDD2 /* NewsCollectionViewModel.swift */ = {isa = PBXFileReference; lastKnownFileType = sourcecode.swift; path = NewsCollectionViewModel.swift; sourceTree = "<group>"; };
		A54157042976B72200DE506C /* NewsCollectionViewCell.swift */ = {isa = PBXFileReference; lastKnownFileType = sourcecode.swift; path = NewsCollectionViewCell.swift; sourceTree = "<group>"; };
		A54157062976B73D00DE506C /* NewsCollectionView.swift */ = {isa = PBXFileReference; lastKnownFileType = sourcecode.swift; path = NewsCollectionView.swift; sourceTree = "<group>"; };
		A54157082976BF5500DE506C /* HeaderCollectionReusableView.swift */ = {isa = PBXFileReference; lastKnownFileType = sourcecode.swift; path = HeaderCollectionReusableView.swift; sourceTree = "<group>"; };
		A5CD3FA32976B419007D6A45 /* NewsApplication.app */ = {isa = PBXFileReference; explicitFileType = wrapper.application; includeInIndex = 0; path = NewsApplication.app; sourceTree = BUILT_PRODUCTS_DIR; };
		A5CD3FA62976B419007D6A45 /* AppDelegate.swift */ = {isa = PBXFileReference; lastKnownFileType = sourcecode.swift; path = AppDelegate.swift; sourceTree = "<group>"; };
		A5CD3FAA2976B419007D6A45 /* NewsMainViewController.swift */ = {isa = PBXFileReference; lastKnownFileType = sourcecode.swift; path = NewsMainViewController.swift; sourceTree = "<group>"; };
		A5CD3FAF2976B41B007D6A45 /* Assets.xcassets */ = {isa = PBXFileReference; lastKnownFileType = folder.assetcatalog; path = Assets.xcassets; sourceTree = "<group>"; };
		A5CD3FB22976B41B007D6A45 /* Base */ = {isa = PBXFileReference; lastKnownFileType = file.storyboard; name = Base; path = Base.lproj/LaunchScreen.storyboard; sourceTree = "<group>"; };
		A5CD3FB42976B41B007D6A45 /* Info.plist */ = {isa = PBXFileReference; lastKnownFileType = text.plist.xml; path = Info.plist; sourceTree = "<group>"; };
/* End PBXFileReference section */

/* Begin PBXFrameworksBuildPhase section */
		A5CD3FA02976B419007D6A45 /* Frameworks */ = {
			isa = PBXFrameworksBuildPhase;
			buildActionMask = 2147483647;
			files = (
			);
			runOnlyForDeploymentPostprocessing = 0;
		};
/* End PBXFrameworksBuildPhase section */

/* Begin PBXGroup section */
		A5247DE62977E34400E4EDD2 /* Services */ = {
			isa = PBXGroup;
			children = (
				A5247DE72977E35E00E4EDD2 /* NetworkService */,
			);
			path = Services;
			sourceTree = "<group>";
		};
		A5247DE72977E35E00E4EDD2 /* NetworkService */ = {
			isa = PBXGroup;
			children = (
				A5247DFB2978270500E4EDD2 /* NetworkComponents */,
				A5247DE82977E38700E4EDD2 /* Model */,
				A5247DF72978145400E4EDD2 /* NetworkClientProtocol.swift */,
				A5247DF529780EA000E4EDD2 /* NetworkError.swift */,
				A5247DF92978146500E4EDD2 /* DefaultNetworkClient.swift */,
			);
			path = NetworkService;
			sourceTree = "<group>";
		};
		A5247DE82977E38700E4EDD2 /* Model */ = {
			isa = PBXGroup;
			children = (
				A5247DE92977E46100E4EDD2 /* Article.swift */,
			);
			path = Model;
			sourceTree = "<group>";
		};
		A5247DFB2978270500E4EDD2 /* NetworkComponents */ = {
			isa = PBXGroup;
			children = (
				A5247DF329780CCB00E4EDD2 /* DefaultComponents.swift */,
				A5247DF129780A4300E4EDD2 /* NewsRequestFactory.swift */,
				A5247DEF29780A2200E4EDD2 /* ApiUrlFactory.swift */,
			);
			path = NetworkComponents;
			sourceTree = "<group>";
		};
		A5247E0229782C6900E4EDD2 /* ViewModel */ = {
			isa = PBXGroup;
			children = (
				A5247E0A29793AD600E4EDD2 /* NewsCollectionViewModel.swift */,
				A5247E0329782C8600E4EDD2 /* ViewModelProtocol.swift */,
				A5247E0829793ABC00E4EDD2 /* NewsCollectionViewCellConfigurableProtocol.swift */,
			);
			path = ViewModel;
			sourceTree = "<group>";
		};
		A54156FA2976B5E700DE506C /* Resources */ = {
			isa = PBXGroup;
			children = (
				A54156FD2976B61500DE506C /* Configuration */,
				A54156FC2976B60A00DE506C /* Supporting files */,
			);
			path = Resources;
			sourceTree = "<group>";
		};
		A54156FB2976B5F600DE506C /* Sources */ = {
			isa = PBXGroup;
			children = (
				A54156FF2976B63A00DE506C /* Application */,
				A5247DE62977E34400E4EDD2 /* Services */,
				A54156FE2976B62D00DE506C /* Modules */,
			);
			path = Sources;
			sourceTree = "<group>";
		};
		A54156FC2976B60A00DE506C /* Supporting files */ = {
			isa = PBXGroup;
			children = (
				A5CD3FAF2976B41B007D6A45 /* Assets.xcassets */,
				A5CD3FB12976B41B007D6A45 /* LaunchScreen.storyboard */,
			);
			path = "Supporting files";
			sourceTree = "<group>";
		};
		A54156FD2976B61500DE506C /* Configuration */ = {
			isa = PBXGroup;
			children = (
				A5CD3FB42976B41B007D6A45 /* Info.plist */,
			);
			path = Configuration;
			sourceTree = "<group>";
		};
		A54156FE2976B62D00DE506C /* Modules */ = {
			isa = PBXGroup;
			children = (
				A54157002976B64D00DE506C /* NewsMainModule */,
			);
			path = Modules;
			sourceTree = "<group>";
		};
		A54156FF2976B63A00DE506C /* Application */ = {
			isa = PBXGroup;
			children = (
				A5CD3FA62976B419007D6A45 /* AppDelegate.swift */,
			);
			path = Application;
			sourceTree = "<group>";
		};
		A54157002976B64D00DE506C /* NewsMainModule */ = {
			isa = PBXGroup;
			children = (
				A5247E0229782C6900E4EDD2 /* ViewModel */,
				A54157022976B66900DE506C /* Presenter */,
				A54157012976B66300DE506C /* View */,
			);
			path = NewsMainModule;
			sourceTree = "<group>";
		};
		A54157012976B66300DE506C /* View */ = {
			isa = PBXGroup;
			children = (
				A5CD3FAA2976B419007D6A45 /* NewsMainViewController.swift */,
				A54157032976B70D00DE506C /* Subviews */,
			);
			path = View;
			sourceTree = "<group>";
		};
		A54157022976B66900DE506C /* Presenter */ = {
			isa = PBXGroup;
			children = (
				A5247DFC29782A3000E4EDD2 /* NewsMainPresenterInputProtocol.swift */,
				A5247DFE29782A4000E4EDD2 /* NewsMainPresenterOutputProtocol.swift */,
				A5247E0029782A4B00E4EDD2 /* NewsMainPresenter.swift */,
			);
			path = Presenter;
			sourceTree = "<group>";
		};
		A54157032976B70D00DE506C /* Subviews */ = {
			isa = PBXGroup;
			children = (
				A54157042976B72200DE506C /* NewsCollectionViewCell.swift */,
				A54157062976B73D00DE506C /* NewsCollectionView.swift */,
				A54157082976BF5500DE506C /* HeaderCollectionReusableView.swift */,
			);
			path = Subviews;
			sourceTree = "<group>";
		};
		A5CD3F9A2976B419007D6A45 = {
			isa = PBXGroup;
			children = (
				A5CD3FA52976B419007D6A45 /* NewsApplication */,
				A5CD3FA42976B419007D6A45 /* Products */,
			);
			sourceTree = "<group>";
		};
		A5CD3FA42976B419007D6A45 /* Products */ = {
			isa = PBXGroup;
			children = (
				A5CD3FA32976B419007D6A45 /* NewsApplication.app */,
			);
			name = Products;
			sourceTree = "<group>";
		};
		A5CD3FA52976B419007D6A45 /* NewsApplication */ = {
			isa = PBXGroup;
			children = (
				A54156FB2976B5F600DE506C /* Sources */,
				A54156FA2976B5E700DE506C /* Resources */,
			);
			path = NewsApplication;
			sourceTree = "<group>";
		};
/* End PBXGroup section */

/* Begin PBXNativeTarget section */
		A5CD3FA22976B419007D6A45 /* NewsApplication */ = {
			isa = PBXNativeTarget;
			buildConfigurationList = A5CD3FB72976B41B007D6A45 /* Build configuration list for PBXNativeTarget "NewsApplication" */;
			buildPhases = (
				A5CD3F9F2976B419007D6A45 /* Sources */,
				A5CD3FA02976B419007D6A45 /* Frameworks */,
				A5CD3FA12976B419007D6A45 /* Resources */,
			);
			buildRules = (
			);
			dependencies = (
			);
			name = NewsApplication;
			productName = NewsApplication;
			productReference = A5CD3FA32976B419007D6A45 /* NewsApplication.app */;
			productType = "com.apple.product-type.application";
		};
/* End PBXNativeTarget section */

/* Begin PBXProject section */
		A5CD3F9B2976B419007D6A45 /* Project object */ = {
			isa = PBXProject;
			attributes = {
				BuildIndependentTargetsInParallel = 1;
				LastSwiftUpdateCheck = 1420;
				LastUpgradeCheck = 1420;
				TargetAttributes = {
					A5CD3FA22976B419007D6A45 = {
						CreatedOnToolsVersion = 14.2;
					};
				};
			};
			buildConfigurationList = A5CD3F9E2976B419007D6A45 /* Build configuration list for PBXProject "NewsApplication" */;
			compatibilityVersion = "Xcode 14.0";
			developmentRegion = en;
			hasScannedForEncodings = 0;
			knownRegions = (
				en,
				Base,
			);
			mainGroup = A5CD3F9A2976B419007D6A45;
			productRefGroup = A5CD3FA42976B419007D6A45 /* Products */;
			projectDirPath = "";
			projectRoot = "";
			targets = (
				A5CD3FA22976B419007D6A45 /* NewsApplication */,
			);
		};
/* End PBXProject section */

/* Begin PBXResourcesBuildPhase section */
		A5CD3FA12976B419007D6A45 /* Resources */ = {
			isa = PBXResourcesBuildPhase;
			buildActionMask = 2147483647;
			files = (
				A5CD3FB32976B41B007D6A45 /* LaunchScreen.storyboard in Resources */,
				A5CD3FB02976B41B007D6A45 /* Assets.xcassets in Resources */,
			);
			runOnlyForDeploymentPostprocessing = 0;
		};
/* End PBXResourcesBuildPhase section */

/* Begin PBXSourcesBuildPhase section */
		A5CD3F9F2976B419007D6A45 /* Sources */ = {
			isa = PBXSourcesBuildPhase;
			buildActionMask = 2147483647;
			files = (
				A5247E0429782C8600E4EDD2 /* ViewModelProtocol.swift in Sources */,
				A5247DF429780CCB00E4EDD2 /* DefaultComponents.swift in Sources */,
				A5CD3FAB2976B419007D6A45 /* NewsMainViewController.swift in Sources */,
				A5247DFA2978146500E4EDD2 /* DefaultNetworkClient.swift in Sources */,
				A5247DF229780A4300E4EDD2 /* NewsRequestFactory.swift in Sources */,
				A5247E0129782A4B00E4EDD2 /* NewsMainPresenter.swift in Sources */,
				A5247DFD29782A3000E4EDD2 /* NewsMainPresenterInputProtocol.swift in Sources */,
				A5247E0B29793AD600E4EDD2 /* NewsCollectionViewModel.swift in Sources */,
				A54157052976B72200DE506C /* NewsCollectionViewCell.swift in Sources */,
				A5247DEA2977E46100E4EDD2 /* Article.swift in Sources */,
				A5247DF029780A2300E4EDD2 /* ApiUrlFactory.swift in Sources */,
				A5CD3FA72976B419007D6A45 /* AppDelegate.swift in Sources */,
				A54157092976BF5500DE506C /* HeaderCollectionReusableView.swift in Sources */,
				A5247DF82978145400E4EDD2 /* NetworkClientProtocol.swift in Sources */,
				A5247DFF29782A4000E4EDD2 /* NewsMainPresenterOutputProtocol.swift in Sources */,
				A54157072976B73D00DE506C /* NewsCollectionView.swift in Sources */,
				A5247E0929793ABC00E4EDD2 /* NewsCollectionViewCellConfigurableProtocol.swift in Sources */,
				A5247DF629780EA000E4EDD2 /* NetworkError.swift in Sources */,
			);
			runOnlyForDeploymentPostprocessing = 0;
		};
/* End PBXSourcesBuildPhase section */

/* Begin PBXVariantGroup section */
		A5CD3FB12976B41B007D6A45 /* LaunchScreen.storyboard */ = {
			isa = PBXVariantGroup;
			children = (
				A5CD3FB22976B41B007D6A45 /* Base */,
			);
			name = LaunchScreen.storyboard;
			sourceTree = "<group>";
		};
/* End PBXVariantGroup section */

/* Begin XCBuildConfiguration section */
		A5CD3FB52976B41B007D6A45 /* Debug */ = {
			isa = XCBuildConfiguration;
			buildSettings = {
				ALWAYS_SEARCH_USER_PATHS = NO;
				CLANG_ANALYZER_NONNULL = YES;
				CLANG_ANALYZER_NUMBER_OBJECT_CONVERSION = YES_AGGRESSIVE;
				CLANG_CXX_LANGUAGE_STANDARD = "gnu++20";
				CLANG_ENABLE_MODULES = YES;
				CLANG_ENABLE_OBJC_ARC = YES;
				CLANG_ENABLE_OBJC_WEAK = YES;
				CLANG_WARN_BLOCK_CAPTURE_AUTORELEASING = YES;
				CLANG_WARN_BOOL_CONVERSION = YES;
				CLANG_WARN_COMMA = YES;
				CLANG_WARN_CONSTANT_CONVERSION = YES;
				CLANG_WARN_DEPRECATED_OBJC_IMPLEMENTATIONS = YES;
				CLANG_WARN_DIRECT_OBJC_ISA_USAGE = YES_ERROR;
				CLANG_WARN_DOCUMENTATION_COMMENTS = YES;
				CLANG_WARN_EMPTY_BODY = YES;
				CLANG_WARN_ENUM_CONVERSION = YES;
				CLANG_WARN_INFINITE_RECURSION = YES;
				CLANG_WARN_INT_CONVERSION = YES;
				CLANG_WARN_NON_LITERAL_NULL_CONVERSION = YES;
				CLANG_WARN_OBJC_IMPLICIT_RETAIN_SELF = YES;
				CLANG_WARN_OBJC_LITERAL_CONVERSION = YES;
				CLANG_WARN_OBJC_ROOT_CLASS = YES_ERROR;
				CLANG_WARN_QUOTED_INCLUDE_IN_FRAMEWORK_HEADER = YES;
				CLANG_WARN_RANGE_LOOP_ANALYSIS = YES;
				CLANG_WARN_STRICT_PROTOTYPES = YES;
				CLANG_WARN_SUSPICIOUS_MOVE = YES;
				CLANG_WARN_UNGUARDED_AVAILABILITY = YES_AGGRESSIVE;
				CLANG_WARN_UNREACHABLE_CODE = YES;
				CLANG_WARN__DUPLICATE_METHOD_MATCH = YES;
				COPY_PHASE_STRIP = NO;
				DEBUG_INFORMATION_FORMAT = dwarf;
				ENABLE_STRICT_OBJC_MSGSEND = YES;
				ENABLE_TESTABILITY = YES;
				GCC_C_LANGUAGE_STANDARD = gnu11;
				GCC_DYNAMIC_NO_PIC = NO;
				GCC_NO_COMMON_BLOCKS = YES;
				GCC_OPTIMIZATION_LEVEL = 0;
				GCC_PREPROCESSOR_DEFINITIONS = (
					"DEBUG=1",
					"$(inherited)",
				);
				GCC_WARN_64_TO_32_BIT_CONVERSION = YES;
				GCC_WARN_ABOUT_RETURN_TYPE = YES_ERROR;
				GCC_WARN_UNDECLARED_SELECTOR = YES;
				GCC_WARN_UNINITIALIZED_AUTOS = YES_AGGRESSIVE;
				GCC_WARN_UNUSED_FUNCTION = YES;
				GCC_WARN_UNUSED_VARIABLE = YES;
				IPHONEOS_DEPLOYMENT_TARGET = 15.0;
				MTL_ENABLE_DEBUG_INFO = INCLUDE_SOURCE;
				MTL_FAST_MATH = YES;
				ONLY_ACTIVE_ARCH = YES;
				SDKROOT = iphoneos;
				SWIFT_ACTIVE_COMPILATION_CONDITIONS = DEBUG;
				SWIFT_OPTIMIZATION_LEVEL = "-Onone";
			};
			name = Debug;
		};
		A5CD3FB62976B41B007D6A45 /* Release */ = {
			isa = XCBuildConfiguration;
			buildSettings = {
				ALWAYS_SEARCH_USER_PATHS = NO;
				CLANG_ANALYZER_NONNULL = YES;
				CLANG_ANALYZER_NUMBER_OBJECT_CONVERSION = YES_AGGRESSIVE;
				CLANG_CXX_LANGUAGE_STANDARD = "gnu++20";
				CLANG_ENABLE_MODULES = YES;
				CLANG_ENABLE_OBJC_ARC = YES;
				CLANG_ENABLE_OBJC_WEAK = YES;
				CLANG_WARN_BLOCK_CAPTURE_AUTORELEASING = YES;
				CLANG_WARN_BOOL_CONVERSION = YES;
				CLANG_WARN_COMMA = YES;
				CLANG_WARN_CONSTANT_CONVERSION = YES;
				CLANG_WARN_DEPRECATED_OBJC_IMPLEMENTATIONS = YES;
				CLANG_WARN_DIRECT_OBJC_ISA_USAGE = YES_ERROR;
				CLANG_WARN_DOCUMENTATION_COMMENTS = YES;
				CLANG_WARN_EMPTY_BODY = YES;
				CLANG_WARN_ENUM_CONVERSION = YES;
				CLANG_WARN_INFINITE_RECURSION = YES;
				CLANG_WARN_INT_CONVERSION = YES;
				CLANG_WARN_NON_LITERAL_NULL_CONVERSION = YES;
				CLANG_WARN_OBJC_IMPLICIT_RETAIN_SELF = YES;
				CLANG_WARN_OBJC_LITERAL_CONVERSION = YES;
				CLANG_WARN_OBJC_ROOT_CLASS = YES_ERROR;
				CLANG_WARN_QUOTED_INCLUDE_IN_FRAMEWORK_HEADER = YES;
				CLANG_WARN_RANGE_LOOP_ANALYSIS = YES;
				CLANG_WARN_STRICT_PROTOTYPES = YES;
				CLANG_WARN_SUSPICIOUS_MOVE = YES;
				CLANG_WARN_UNGUARDED_AVAILABILITY = YES_AGGRESSIVE;
				CLANG_WARN_UNREACHABLE_CODE = YES;
				CLANG_WARN__DUPLICATE_METHOD_MATCH = YES;
				COPY_PHASE_STRIP = NO;
				DEBUG_INFORMATION_FORMAT = "dwarf-with-dsym";
				ENABLE_NS_ASSERTIONS = NO;
				ENABLE_STRICT_OBJC_MSGSEND = YES;
				GCC_C_LANGUAGE_STANDARD = gnu11;
				GCC_NO_COMMON_BLOCKS = YES;
				GCC_WARN_64_TO_32_BIT_CONVERSION = YES;
				GCC_WARN_ABOUT_RETURN_TYPE = YES_ERROR;
				GCC_WARN_UNDECLARED_SELECTOR = YES;
				GCC_WARN_UNINITIALIZED_AUTOS = YES_AGGRESSIVE;
				GCC_WARN_UNUSED_FUNCTION = YES;
				GCC_WARN_UNUSED_VARIABLE = YES;
				IPHONEOS_DEPLOYMENT_TARGET = 15.0;
				MTL_ENABLE_DEBUG_INFO = NO;
				MTL_FAST_MATH = YES;
				SDKROOT = iphoneos;
				SWIFT_COMPILATION_MODE = wholemodule;
				SWIFT_OPTIMIZATION_LEVEL = "-O";
				VALIDATE_PRODUCT = YES;
			};
			name = Release;
		};
		A5CD3FB82976B41B007D6A45 /* Debug */ = {
			isa = XCBuildConfiguration;
			buildSettings = {
				ASSETCATALOG_COMPILER_APPICON_NAME = AppIcon;
				ASSETCATALOG_COMPILER_GLOBAL_ACCENT_COLOR_NAME = AccentColor;
				CODE_SIGN_IDENTITY = "Apple Development";
				CODE_SIGN_STYLE = Automatic;
				CURRENT_PROJECT_VERSION = 1;
				DEVELOPMENT_TEAM = 2AJ52SSRKR;
				GENERATE_INFOPLIST_FILE = YES;
				INFOPLIST_FILE = NewsApplication/Resources/Configuration/Info.plist;
				INFOPLIST_KEY_UIApplicationSupportsIndirectInputEvents = YES;
				INFOPLIST_KEY_UILaunchStoryboardName = LaunchScreen;
				INFOPLIST_KEY_UISupportedInterfaceOrientations = UIInterfaceOrientationPortrait;
				IPHONEOS_DEPLOYMENT_TARGET = 15.0;
				LD_RUNPATH_SEARCH_PATHS = (
					"$(inherited)",
					"@executable_path/Frameworks",
				);
				MARKETING_VERSION = 1.0;
				PRODUCT_BUNDLE_IDENTIFIER = com.my.NewsApplication;
				PRODUCT_NAME = "$(TARGET_NAME)";
				PROVISIONING_PROFILE_SPECIFIER = "";
				SWIFT_EMIT_LOC_STRINGS = YES;
				SWIFT_VERSION = 5.0;
				TARGETED_DEVICE_FAMILY = "1,2";
			};
			name = Debug;
		};
		A5CD3FB92976B41B007D6A45 /* Release */ = {
			isa = XCBuildConfiguration;
			buildSettings = {
				ASSETCATALOG_COMPILER_APPICON_NAME = AppIcon;
				ASSETCATALOG_COMPILER_GLOBAL_ACCENT_COLOR_NAME = AccentColor;
				CODE_SIGN_IDENTITY = "Apple Development";
				CODE_SIGN_STYLE = Automatic;
				CURRENT_PROJECT_VERSION = 1;
				DEVELOPMENT_TEAM = 2AJ52SSRKR;
				GENERATE_INFOPLIST_FILE = YES;
				INFOPLIST_FILE = NewsApplication/Resources/Configuration/Info.plist;
				INFOPLIST_KEY_UIApplicationSupportsIndirectInputEvents = YES;
				INFOPLIST_KEY_UILaunchStoryboardName = LaunchScreen;
				INFOPLIST_KEY_UISupportedInterfaceOrientations = UIInterfaceOrientationPortrait;
				IPHONEOS_DEPLOYMENT_TARGET = 15.0;
				LD_RUNPATH_SEARCH_PATHS = (
					"$(inherited)",
					"@executable_path/Frameworks",
				);
				MARKETING_VERSION = 1.0;
				PRODUCT_BUNDLE_IDENTIFIER = com.my.NewsApplication;
				PRODUCT_NAME = "$(TARGET_NAME)";
				PROVISIONING_PROFILE_SPECIFIER = "";
				SWIFT_EMIT_LOC_STRINGS = YES;
				SWIFT_VERSION = 5.0;
				TARGETED_DEVICE_FAMILY = "1,2";
			};
			name = Release;
		};
/* End XCBuildConfiguration section */

/* Begin XCConfigurationList section */
		A5CD3F9E2976B419007D6A45 /* Build configuration list for PBXProject "NewsApplication" */ = {
			isa = XCConfigurationList;
			buildConfigurations = (
				A5CD3FB52976B41B007D6A45 /* Debug */,
				A5CD3FB62976B41B007D6A45 /* Release */,
			);
			defaultConfigurationIsVisible = 0;
			defaultConfigurationName = Release;
		};
		A5CD3FB72976B41B007D6A45 /* Build configuration list for PBXNativeTarget "NewsApplication" */ = {
			isa = XCConfigurationList;
			buildConfigurations = (
				A5CD3FB82976B41B007D6A45 /* Debug */,
				A5CD3FB92976B41B007D6A45 /* Release */,
			);
			defaultConfigurationIsVisible = 0;
			defaultConfigurationName = Release;
		};
/* End XCConfigurationList section */
	};
	rootObject = A5CD3F9B2976B419007D6A45 /* Project object */;
}
